# This file is generated by running "yarn install" inside your project.
# Manual changes might be lost - proceed with caution!

__metadata:
  version: 8
  cacheKey: 10c0

"open-iconic@npm:^1.1.1":
  version: 1.1.1
  resolution: "open-iconic@npm:1.1.1"
  checksum: 10c0/31ab9efea5d2fa5050041d8524760bd069b1f976c4c9ac8b6cfe9b7da4c97fea4bcc7612e714040deb361f37882630a39a9693194d0a226c19a837efa6dfe251
  languageName: node
  linkType: hard

"site@workspace:.":
  version: 0.0.0-use.local
  resolution: "site@workspace:."
  dependencies:
    open-iconic: "npm:^1.1.1"
  languageName: unknown
  linkType: soft
